// !$*UTF8*$!
{
	archiveVersion = 1;
	classes = {
	};
	objectVersion = 46;
	objects = {

/* Begin PBXBuildFile section */
		0D8A0E5ABAE1C6C01CB5FC6B /* libPods-StarLight.a in Frameworks */ = {isa = PBXBuildFile; fileRef = 0458FD1BAC91985E35FACFF2 /* libPods-StarLight.a */; };
		40172B001DFAE10500DE7445 /* STLRootTableViewCell.m in Sources */ = {isa = PBXBuildFile; fileRef = 40172AFF1DFAE10400DE7445 /* STLRootTableViewCell.m */; };
		4030BB951E032740005DA406 /* STLThirdPartyNoticesViewController.m in Sources */ = {isa = PBXBuildFile; fileRef = 4030BB941E032740005DA406 /* STLThirdPartyNoticesViewController.m */; };
		40503AD51E004FEC0084005B /* NS2DArray.m in Sources */ = {isa = PBXBuildFile; fileRef = 40503AD21E004FEC0084005B /* NS2DArray.m */; };
		40503AD61E004FEC0084005B /* STLMultiDirectionLayout.m in Sources */ = {isa = PBXBuildFile; fileRef = 40503AD41E004FEC0084005B /* STLMultiDirectionLayout.m */; };
		4051A2771E00A485001C44F9 /* UIAlertController+UIImage.m in Sources */ = {isa = PBXBuildFile; fileRef = 4051A2761E00A485001C44F9 /* UIAlertController+UIImage.m */; };
		4053766B1E09DA2A004C8AE2 /* NS2DArray+CGRect.m in Sources */ = {isa = PBXBuildFile; fileRef = 4053766A1E09DA2A004C8AE2 /* NS2DArray+CGRect.m */; };
		4053767B1E09E3FD004C8AE2 /* STLDataManager.m in Sources */ = {isa = PBXBuildFile; fileRef = 4053767A1E09E3FD004C8AE2 /* STLDataManager.m */; };
		407057571E25723A009699CE /* STLApplication.m in Sources */ = {isa = PBXBuildFile; fileRef = 407057561E25723A009699CE /* STLApplication.m */; };
		40904AFB1DFA351700E92846 /* RedColor.fsh in Resources */ = {isa = PBXBuildFile; fileRef = 40904AFA1DFA351700E92846 /* RedColor.fsh */; };
		40A0726B1E0C47A100DE7539 /* STLSequenceManager.m in Sources */ = {isa = PBXBuildFile; fileRef = 40A0726A1E0C47A000DE7539 /* STLSequenceManager.m */; };
		40A0726F1E0C4BCC00DE7539 /* NSString+Hex.m in Sources */ = {isa = PBXBuildFile; fileRef = 40A0726E1E0C4BCC00DE7539 /* NSString+Hex.m */; };
		40A072731E0C4C9800DE7539 /* STLBluetoothManager.m in Sources */ = {isa = PBXBuildFile; fileRef = 40A072721E0C4C9800DE7539 /* STLBluetoothManager.m */; };
		40A072761E0C792800DE7539 /* STLDeviceDiscoveryViewController.m in Sources */ = {isa = PBXBuildFile; fileRef = 40A072751E0C792800DE7539 /* STLDeviceDiscoveryViewController.m */; };
		40A410D01E1228CA0023D885 /* AVCaptureDevice+DevicePresence.m in Sources */ = {isa = PBXBuildFile; fileRef = 40A410CF1E1228CA0023D885 /* AVCaptureDevice+DevicePresence.m */; };
		40A42DFD1DFB12B300F2F996 /* STLCalibrationCollectionViewCell.m in Sources */ = {isa = PBXBuildFile; fileRef = 40A42DFC1DFB12B300F2F996 /* STLCalibrationCollectionViewCell.m */; };
		40A42E011DFB159400F2F996 /* STLConfigurationViewController.m in Sources */ = {isa = PBXBuildFile; fileRef = 40A42E001DFB159400F2F996 /* STLConfigurationViewController.m */; };
		40A42E051DFB1AC200F2F996 /* STLDesignView.m in Sources */ = {isa = PBXBuildFile; fileRef = 40A42E041DFB1AC200F2F996 /* STLDesignView.m */; };
		40A42E081DFB4A4700F2F996 /* STLDownloadCollectionViewCell.m in Sources */ = {isa = PBXBuildFile; fileRef = 40A42E071DFB4A4700F2F996 /* STLDownloadCollectionViewCell.m */; };
		40A42E0B1DFB5C5600F2F996 /* STLAdvancedViewController.m in Sources */ = {isa = PBXBuildFile; fileRef = 40A42E0A1DFB5C5600F2F996 /* STLAdvancedViewController.m */; };
		40B070971DF72ED3002D745F /* main.m in Sources */ = {isa = PBXBuildFile; fileRef = 40B070961DF72ED3002D745F /* main.m */; };
		40B0709A1DF72ED3002D745F /* STLAppDelegate.m in Sources */ = {isa = PBXBuildFile; fileRef = 40B070991DF72ED3002D745F /* STLAppDelegate.m */; };
		40B0709D1DF72ED3002D745F /* STLRootViewController.m in Sources */ = {isa = PBXBuildFile; fileRef = 40B0709C1DF72ED3002D745F /* STLRootViewController.m */; };
		40B070A01DF72ED3002D745F /* Main.storyboard in Resources */ = {isa = PBXBuildFile; fileRef = 40B0709E1DF72ED3002D745F /* Main.storyboard */; };
		40B070A51DF72ED3002D745F /* Assets.xcassets in Resources */ = {isa = PBXBuildFile; fileRef = 40B070A41DF72ED3002D745F /* Assets.xcassets */; };
		40B070A81DF72ED3002D745F /* LaunchScreen.storyboard in Resources */ = {isa = PBXBuildFile; fileRef = 40B070A61DF72ED3002D745F /* LaunchScreen.storyboard */; };
		40BE09201DFED9DF00E5EC36 /* STLAboutViewController.m in Sources */ = {isa = PBXBuildFile; fileRef = 40BE091F1DFED9DF00E5EC36 /* STLAboutViewController.m */; };
		40C6DDCC1E170C950093CC56 /* STLLightPattern.m in Sources */ = {isa = PBXBuildFile; fileRef = 40C6DDCB1E170C950093CC56 /* STLLightPattern.m */; };
		40DF448C1DFD058200E392CB /* TransparentToWhiteColor.fsh in Resources */ = {isa = PBXBuildFile; fileRef = 40DF448B1DFD058200E392CB /* TransparentToWhiteColor.fsh */; };
		40E26D271DFA05760023F041 /* STLCalibrationViewController.mm in Sources */ = {isa = PBXBuildFile; fileRef = 40E26D261DFA05760023F041 /* STLCalibrationViewController.mm */; };
		40FF27D81E09FB7500A1CF0C /* STLHub.m in Sources */ = {isa = PBXBuildFile; fileRef = 40FF27D71E09FB7500A1CF0C /* STLHub.m */; };
		40FF27DB1E09FB7B00A1CF0C /* STLLight.m in Sources */ = {isa = PBXBuildFile; fileRef = 40FF27DA1E09FB7B00A1CF0C /* STLLight.m */; };
/* End PBXBuildFile section */

/* Begin PBXFileReference section */
		0458FD1BAC91985E35FACFF2 /* libPods-StarLight.a */ = {isa = PBXFileReference; explicitFileType = archive.ar; includeInIndex = 0; path = "libPods-StarLight.a"; sourceTree = BUILT_PRODUCTS_DIR; };
		10B156D2F02AAD2493310FEA /* Pods-StarLight.debug.xcconfig */ = {isa = PBXFileReference; includeInIndex = 1; lastKnownFileType = text.xcconfig; name = "Pods-StarLight.debug.xcconfig"; path = "Pods/Target Support Files/Pods-StarLight/Pods-StarLight.debug.xcconfig"; sourceTree = "<group>"; };
		40172AFE1DFAE10400DE7445 /* STLRootTableViewCell.h */ = {isa = PBXFileReference; fileEncoding = 4; lastKnownFileType = sourcecode.c.h; path = STLRootTableViewCell.h; sourceTree = "<group>"; };
		40172AFF1DFAE10400DE7445 /* STLRootTableViewCell.m */ = {isa = PBXFileReference; fileEncoding = 4; lastKnownFileType = sourcecode.c.objc; path = STLRootTableViewCell.m; sourceTree = "<group>"; };
		4030BB931E032740005DA406 /* STLThirdPartyNoticesViewController.h */ = {isa = PBXFileReference; fileEncoding = 4; lastKnownFileType = sourcecode.c.h; path = STLThirdPartyNoticesViewController.h; sourceTree = "<group>"; };
		4030BB941E032740005DA406 /* STLThirdPartyNoticesViewController.m */ = {isa = PBXFileReference; fileEncoding = 4; lastKnownFileType = sourcecode.c.objc; path = STLThirdPartyNoticesViewController.m; sourceTree = "<group>"; };
		40503AD11E004FEC0084005B /* NS2DArray.h */ = {isa = PBXFileReference; fileEncoding = 4; lastKnownFileType = sourcecode.c.h; name = NS2DArray.h; path = StarLight/NS2DArray.h; sourceTree = "<group>"; };
		40503AD21E004FEC0084005B /* NS2DArray.m */ = {isa = PBXFileReference; fileEncoding = 4; lastKnownFileType = sourcecode.c.objc; name = NS2DArray.m; path = StarLight/NS2DArray.m; sourceTree = "<group>"; };
		40503AD31E004FEC0084005B /* STLMultiDirectionLayout.h */ = {isa = PBXFileReference; fileEncoding = 4; lastKnownFileType = sourcecode.c.h; name = STLMultiDirectionLayout.h; path = StarLight/STLMultiDirectionLayout.h; sourceTree = "<group>"; };
		40503AD41E004FEC0084005B /* STLMultiDirectionLayout.m */ = {isa = PBXFileReference; fileEncoding = 4; lastKnownFileType = sourcecode.c.objc; name = STLMultiDirectionLayout.m; path = StarLight/STLMultiDirectionLayout.m; sourceTree = "<group>"; };
		4051A2751E00A485001C44F9 /* UIAlertController+UIImage.h */ = {isa = PBXFileReference; fileEncoding = 4; lastKnownFileType = sourcecode.c.h; path = "UIAlertController+UIImage.h"; sourceTree = "<group>"; };
		4051A2761E00A485001C44F9 /* UIAlertController+UIImage.m */ = {isa = PBXFileReference; fileEncoding = 4; lastKnownFileType = sourcecode.c.objc; path = "UIAlertController+UIImage.m"; sourceTree = "<group>"; };
		405376691E09DA2A004C8AE2 /* NS2DArray+CGRect.h */ = {isa = PBXFileReference; fileEncoding = 4; lastKnownFileType = sourcecode.c.h; path = "NS2DArray+CGRect.h"; sourceTree = "<group>"; };
		4053766A1E09DA2A004C8AE2 /* NS2DArray+CGRect.m */ = {isa = PBXFileReference; fileEncoding = 4; lastKnownFileType = sourcecode.c.objc; path = "NS2DArray+CGRect.m"; sourceTree = "<group>"; };
		405376791E09E3FD004C8AE2 /* STLDataManager.h */ = {isa = PBXFileReference; fileEncoding = 4; lastKnownFileType = sourcecode.c.h; path = STLDataManager.h; sourceTree = "<group>"; };
		4053767A1E09E3FD004C8AE2 /* STLDataManager.m */ = {isa = PBXFileReference; fileEncoding = 4; lastKnownFileType = sourcecode.c.objc; path = STLDataManager.m; sourceTree = "<group>"; };
		407057551E25723A009699CE /* STLApplication.h */ = {isa = PBXFileReference; fileEncoding = 4; lastKnownFileType = sourcecode.c.h; path = STLApplication.h; sourceTree = "<group>"; };
		407057561E25723A009699CE /* STLApplication.m */ = {isa = PBXFileReference; fileEncoding = 4; lastKnownFileType = sourcecode.c.objc; path = STLApplication.m; sourceTree = "<group>"; };
		40904AFA1DFA351700E92846 /* RedColor.fsh */ = {isa = PBXFileReference; fileEncoding = 4; lastKnownFileType = sourcecode.glsl; path = RedColor.fsh; sourceTree = "<group>"; };
		40A072651E0C069C00DE7539 /* STLHub+Private.h */ = {isa = PBXFileReference; fileEncoding = 4; lastKnownFileType = sourcecode.c.h; path = "STLHub+Private.h"; sourceTree = "<group>"; };
		40A072691E0C47A000DE7539 /* STLSequenceManager.h */ = {isa = PBXFileReference; fileEncoding = 4; lastKnownFileType = sourcecode.c.h; path = STLSequenceManager.h; sourceTree = "<group>"; };
		40A0726A1E0C47A000DE7539 /* STLSequenceManager.m */ = {isa = PBXFileReference; fileEncoding = 4; lastKnownFileType = sourcecode.c.objc; path = STLSequenceManager.m; sourceTree = "<group>"; };
		40A0726D1E0C4BCC00DE7539 /* NSString+Hex.h */ = {isa = PBXFileReference; fileEncoding = 4; lastKnownFileType = sourcecode.c.h; path = "NSString+Hex.h"; sourceTree = "<group>"; };
		40A0726E1E0C4BCC00DE7539 /* NSString+Hex.m */ = {isa = PBXFileReference; fileEncoding = 4; lastKnownFileType = sourcecode.c.objc; path = "NSString+Hex.m"; sourceTree = "<group>"; };
		40A072711E0C4C9800DE7539 /* STLBluetoothManager.h */ = {isa = PBXFileReference; fileEncoding = 4; lastKnownFileType = sourcecode.c.h; path = STLBluetoothManager.h; sourceTree = "<group>"; };
		40A072721E0C4C9800DE7539 /* STLBluetoothManager.m */ = {isa = PBXFileReference; fileEncoding = 4; lastKnownFileType = sourcecode.c.objc; path = STLBluetoothManager.m; sourceTree = "<group>"; };
		40A072741E0C792800DE7539 /* STLDeviceDiscoveryViewController.h */ = {isa = PBXFileReference; fileEncoding = 4; lastKnownFileType = sourcecode.c.h; path = STLDeviceDiscoveryViewController.h; sourceTree = "<group>"; };
		40A072751E0C792800DE7539 /* STLDeviceDiscoveryViewController.m */ = {isa = PBXFileReference; fileEncoding = 4; lastKnownFileType = sourcecode.c.objc; path = STLDeviceDiscoveryViewController.m; sourceTree = "<group>"; };
		40A410CE1E1228CA0023D885 /* AVCaptureDevice+DevicePresence.h */ = {isa = PBXFileReference; fileEncoding = 4; lastKnownFileType = sourcecode.c.h; path = "AVCaptureDevice+DevicePresence.h"; sourceTree = "<group>"; };
		40A410CF1E1228CA0023D885 /* AVCaptureDevice+DevicePresence.m */ = {isa = PBXFileReference; fileEncoding = 4; lastKnownFileType = sourcecode.c.objc; path = "AVCaptureDevice+DevicePresence.m"; sourceTree = "<group>"; };
		40A42DFB1DFB12B300F2F996 /* STLCalibrationCollectionViewCell.h */ = {isa = PBXFileReference; fileEncoding = 4; lastKnownFileType = sourcecode.c.h; path = STLCalibrationCollectionViewCell.h; sourceTree = "<group>"; };
		40A42DFC1DFB12B300F2F996 /* STLCalibrationCollectionViewCell.m */ = {isa = PBXFileReference; fileEncoding = 4; lastKnownFileType = sourcecode.c.objc; path = STLCalibrationCollectionViewCell.m; sourceTree = "<group>"; };
		40A42DFF1DFB159400F2F996 /* STLConfigurationViewController.h */ = {isa = PBXFileReference; fileEncoding = 4; lastKnownFileType = sourcecode.c.h; path = STLConfigurationViewController.h; sourceTree = "<group>"; };
		40A42E001DFB159400F2F996 /* STLConfigurationViewController.m */ = {isa = PBXFileReference; fileEncoding = 4; lastKnownFileType = sourcecode.c.objc; path = STLConfigurationViewController.m; sourceTree = "<group>"; };
		40A42E031DFB1AC200F2F996 /* STLDesignView.h */ = {isa = PBXFileReference; fileEncoding = 4; lastKnownFileType = sourcecode.c.h; path = STLDesignView.h; sourceTree = "<group>"; };
		40A42E041DFB1AC200F2F996 /* STLDesignView.m */ = {isa = PBXFileReference; fileEncoding = 4; lastKnownFileType = sourcecode.c.objc; path = STLDesignView.m; sourceTree = "<group>"; };
		40A42E061DFB4A4700F2F996 /* STLDownloadCollectionViewCell.h */ = {isa = PBXFileReference; fileEncoding = 4; lastKnownFileType = sourcecode.c.h; path = STLDownloadCollectionViewCell.h; sourceTree = "<group>"; };
		40A42E071DFB4A4700F2F996 /* STLDownloadCollectionViewCell.m */ = {isa = PBXFileReference; fileEncoding = 4; lastKnownFileType = sourcecode.c.objc; path = STLDownloadCollectionViewCell.m; sourceTree = "<group>"; };
		40A42E091DFB5C5600F2F996 /* STLAdvancedViewController.h */ = {isa = PBXFileReference; fileEncoding = 4; lastKnownFileType = sourcecode.c.h; path = STLAdvancedViewController.h; sourceTree = "<group>"; };
		40A42E0A1DFB5C5600F2F996 /* STLAdvancedViewController.m */ = {isa = PBXFileReference; fileEncoding = 4; lastKnownFileType = sourcecode.c.objc; path = STLAdvancedViewController.m; sourceTree = "<group>"; };
		40B070921DF72ED3002D745F /* StarLight.app */ = {isa = PBXFileReference; explicitFileType = wrapper.application; includeInIndex = 0; path = StarLight.app; sourceTree = BUILT_PRODUCTS_DIR; };
		40B070961DF72ED3002D745F /* main.m */ = {isa = PBXFileReference; lastKnownFileType = sourcecode.c.objc; path = main.m; sourceTree = "<group>"; };
		40B070981DF72ED3002D745F /* STLAppDelegate.h */ = {isa = PBXFileReference; lastKnownFileType = sourcecode.c.h; path = STLAppDelegate.h; sourceTree = "<group>"; };
		40B070991DF72ED3002D745F /* STLAppDelegate.m */ = {isa = PBXFileReference; lastKnownFileType = sourcecode.c.objc; path = STLAppDelegate.m; sourceTree = "<group>"; };
		40B0709B1DF72ED3002D745F /* STLRootViewController.h */ = {isa = PBXFileReference; lastKnownFileType = sourcecode.c.h; path = STLRootViewController.h; sourceTree = "<group>"; };
		40B0709C1DF72ED3002D745F /* STLRootViewController.m */ = {isa = PBXFileReference; lastKnownFileType = sourcecode.c.objc; path = STLRootViewController.m; sourceTree = "<group>"; };
		40B0709F1DF72ED3002D745F /* Base */ = {isa = PBXFileReference; lastKnownFileType = file.storyboard; name = Base; path = Base.lproj/Main.storyboard; sourceTree = "<group>"; };
		40B070A41DF72ED3002D745F /* Assets.xcassets */ = {isa = PBXFileReference; lastKnownFileType = folder.assetcatalog; path = Assets.xcassets; sourceTree = "<group>"; };
		40B070A71DF72ED3002D745F /* Base */ = {isa = PBXFileReference; lastKnownFileType = file.storyboard; name = Base; path = Base.lproj/LaunchScreen.storyboard; sourceTree = "<group>"; };
		40B070A91DF72ED3002D745F /* Info.plist */ = {isa = PBXFileReference; lastKnownFileType = text.plist.xml; path = Info.plist; sourceTree = "<group>"; };
		40BE091E1DFED9DF00E5EC36 /* STLAboutViewController.h */ = {isa = PBXFileReference; fileEncoding = 4; lastKnownFileType = sourcecode.c.h; path = STLAboutViewController.h; sourceTree = "<group>"; };
		40BE091F1DFED9DF00E5EC36 /* STLAboutViewController.m */ = {isa = PBXFileReference; fileEncoding = 4; lastKnownFileType = sourcecode.c.objc; path = STLAboutViewController.m; sourceTree = "<group>"; };
		40C6DDCA1E170C950093CC56 /* STLLightPattern.h */ = {isa = PBXFileReference; fileEncoding = 4; lastKnownFileType = sourcecode.c.h; path = STLLightPattern.h; sourceTree = "<group>"; };
		40C6DDCB1E170C950093CC56 /* STLLightPattern.m */ = {isa = PBXFileReference; fileEncoding = 4; lastKnownFileType = sourcecode.c.objc; path = STLLightPattern.m; sourceTree = "<group>"; };
		40DF448B1DFD058200E392CB /* TransparentToWhiteColor.fsh */ = {isa = PBXFileReference; fileEncoding = 4; lastKnownFileType = sourcecode.glsl; path = TransparentToWhiteColor.fsh; sourceTree = "<group>"; };
		40E26D251DFA05760023F041 /* STLCalibrationViewController.h */ = {isa = PBXFileReference; fileEncoding = 4; lastKnownFileType = sourcecode.c.h; path = STLCalibrationViewController.h; sourceTree = "<group>"; };
		40E26D261DFA05760023F041 /* STLCalibrationViewController.mm */ = {isa = PBXFileReference; fileEncoding = 4; lastKnownFileType = sourcecode.cpp.objcpp; path = STLCalibrationViewController.mm; sourceTree = "<group>"; };
		40FF27D61E09FB7500A1CF0C /* STLHub.h */ = {isa = PBXFileReference; fileEncoding = 4; lastKnownFileType = sourcecode.c.h; path = STLHub.h; sourceTree = "<group>"; };
		40FF27D71E09FB7500A1CF0C /* STLHub.m */ = {isa = PBXFileReference; fileEncoding = 4; lastKnownFileType = sourcecode.c.objc; path = STLHub.m; sourceTree = "<group>"; };
		40FF27D91E09FB7B00A1CF0C /* STLLight.h */ = {isa = PBXFileReference; fileEncoding = 4; lastKnownFileType = sourcecode.c.h; path = STLLight.h; sourceTree = "<group>"; };
		40FF27DA1E09FB7B00A1CF0C /* STLLight.m */ = {isa = PBXFileReference; fileEncoding = 4; lastKnownFileType = sourcecode.c.objc; path = STLLight.m; sourceTree = "<group>"; };
		91728CC973F06EBA7C225DAA /* Pods-StarLight.release.xcconfig */ = {isa = PBXFileReference; includeInIndex = 1; lastKnownFileType = text.xcconfig; name = "Pods-StarLight.release.xcconfig"; path = "Pods/Target Support Files/Pods-StarLight/Pods-StarLight.release.xcconfig"; sourceTree = "<group>"; };
/* End PBXFileReference section */

/* Begin PBXFrameworksBuildPhase section */
		40B0708F1DF72ED3002D745F /* Frameworks */ = {
			isa = PBXFrameworksBuildPhase;
			buildActionMask = 2147483647;
			files = (
				0D8A0E5ABAE1C6C01CB5FC6B /* libPods-StarLight.a in Frameworks */,
			);
			runOnlyForDeploymentPostprocessing = 0;
		};
/* End PBXFrameworksBuildPhase section */

/* Begin PBXGroup section */
		3239FAB6578ABAAFDF5BBC4C /* Pods */ = {
			isa = PBXGroup;
			children = (
				10B156D2F02AAD2493310FEA /* Pods-StarLight.debug.xcconfig */,
				91728CC973F06EBA7C225DAA /* Pods-StarLight.release.xcconfig */,
			);
			name = Pods;
			sourceTree = "<group>";
		};
		402A5C0A1DFAD58F0006DFCF /* Cells */ = {
			isa = PBXGroup;
			children = (
				40172AFE1DFAE10400DE7445 /* STLRootTableViewCell.h */,
				40172AFF1DFAE10400DE7445 /* STLRootTableViewCell.m */,
				40A42DFB1DFB12B300F2F996 /* STLCalibrationCollectionViewCell.h */,
				40A42DFC1DFB12B300F2F996 /* STLCalibrationCollectionViewCell.m */,
				40A42E061DFB4A4700F2F996 /* STLDownloadCollectionViewCell.h */,
				40A42E071DFB4A4700F2F996 /* STLDownloadCollectionViewCell.m */,
			);
			name = Cells;
			sourceTree = "<group>";
		};
		403B92441DF75DE100B06654 /* Objects */ = {
			isa = PBXGroup;
			children = (
				40503AD11E004FEC0084005B /* NS2DArray.h */,
				40503AD21E004FEC0084005B /* NS2DArray.m */,
				40503AD31E004FEC0084005B /* STLMultiDirectionLayout.h */,
				40503AD41E004FEC0084005B /* STLMultiDirectionLayout.m */,
			);
			name = Objects;
			path = ..;
			sourceTree = "<group>";
		};
		403B924B1DF762D800B06654 /* Data */ = {
			isa = PBXGroup;
			children = (
				405376791E09E3FD004C8AE2 /* STLDataManager.h */,
				4053767A1E09E3FD004C8AE2 /* STLDataManager.m */,
				4053766C1E09E334004C8AE2 /* Objects */,
			);
			name = Data;
			sourceTree = "<group>";
		};
		4051A2741E00A473001C44F9 /* Categories */ = {
			isa = PBXGroup;
			children = (
				4051A2751E00A485001C44F9 /* UIAlertController+UIImage.h */,
				4051A2761E00A485001C44F9 /* UIAlertController+UIImage.m */,
				405376691E09DA2A004C8AE2 /* NS2DArray+CGRect.h */,
				4053766A1E09DA2A004C8AE2 /* NS2DArray+CGRect.m */,
				40A0726D1E0C4BCC00DE7539 /* NSString+Hex.h */,
				40A0726E1E0C4BCC00DE7539 /* NSString+Hex.m */,
				40A410CE1E1228CA0023D885 /* AVCaptureDevice+DevicePresence.h */,
				40A410CF1E1228CA0023D885 /* AVCaptureDevice+DevicePresence.m */,
				40A072651E0C069C00DE7539 /* STLHub+Private.h */,
			);
			name = Categories;
			sourceTree = "<group>";
		};
		4053766C1E09E334004C8AE2 /* Objects */ = {
			isa = PBXGroup;
			children = (
				40FF27D61E09FB7500A1CF0C /* STLHub.h */,
				40FF27D71E09FB7500A1CF0C /* STLHub.m */,
				40FF27D91E09FB7B00A1CF0C /* STLLight.h */,
				40FF27DA1E09FB7B00A1CF0C /* STLLight.m */,
			);
			name = Objects;
			sourceTree = "<group>";
		};
		40A0726C1E0C47A900DE7539 /* API */ = {
			isa = PBXGroup;
			children = (
				40A072691E0C47A000DE7539 /* STLSequenceManager.h */,
				40A0726A1E0C47A000DE7539 /* STLSequenceManager.m */,
				40C6DDCA1E170C950093CC56 /* STLLightPattern.h */,
				40C6DDCB1E170C950093CC56 /* STLLightPattern.m */,
				40A072701E0C4C8100DE7539 /* BlueTooth */,
			);
			name = API;
			sourceTree = "<group>";
		};
		40A072701E0C4C8100DE7539 /* BlueTooth */ = {
			isa = PBXGroup;
			children = (
				40A072711E0C4C9800DE7539 /* STLBluetoothManager.h */,
				40A072721E0C4C9800DE7539 /* STLBluetoothManager.m */,
			);
			name = BlueTooth;
			sourceTree = "<group>";
		};
		40A42DFE1DFB156C00F2F996 /* Configuration */ = {
			isa = PBXGroup;
			children = (
				40A42DFF1DFB159400F2F996 /* STLConfigurationViewController.h */,
				40A42E001DFB159400F2F996 /* STLConfigurationViewController.m */,
				40A42E091DFB5C5600F2F996 /* STLAdvancedViewController.h */,
				40A42E0A1DFB5C5600F2F996 /* STLAdvancedViewController.m */,
			);
			name = Configuration;
			sourceTree = "<group>";
		};
		40A42E021DFB1AB000F2F996 /* Views */ = {
			isa = PBXGroup;
			children = (
				40A42E031DFB1AC200F2F996 /* STLDesignView.h */,
				40A42E041DFB1AC200F2F996 /* STLDesignView.m */,
			);
			name = Views;
			sourceTree = "<group>";
		};
		40B070891DF72ED3002D745F = {
			isa = PBXGroup;
			children = (
				40B070941DF72ED3002D745F /* StarLight */,
				40B070931DF72ED3002D745F /* Products */,
				3239FAB6578ABAAFDF5BBC4C /* Pods */,
				502FEC676900EBE63B325637 /* Frameworks */,
			);
			sourceTree = "<group>";
		};
		40B070931DF72ED3002D745F /* Products */ = {
			isa = PBXGroup;
			children = (
				40B070921DF72ED3002D745F /* StarLight.app */,
			);
			name = Products;
			sourceTree = "<group>";
		};
		40B070941DF72ED3002D745F /* StarLight */ = {
			isa = PBXGroup;
			children = (
				40F7A6101DF72FF1000BCFF3 /* Application */,
				4051A2741E00A473001C44F9 /* Categories */,
				40F7A6111DF72FF7000BCFF3 /* UI */,
				403B92441DF75DE100B06654 /* Objects */,
				403B924B1DF762D800B06654 /* Data */,
				40A0726C1E0C47A900DE7539 /* API */,
				40B070951DF72ED3002D745F /* Supporting Files */,
			);
			path = StarLight;
			sourceTree = "<group>";
		};
		40B070951DF72ED3002D745F /* Supporting Files */ = {
			isa = PBXGroup;
			children = (
				40E4C5F31DFA116100AD608B /* Shaders */,
				40B0709E1DF72ED3002D745F /* Main.storyboard */,
				40B070A41DF72ED3002D745F /* Assets.xcassets */,
				40B070A61DF72ED3002D745F /* LaunchScreen.storyboard */,
				40B070A91DF72ED3002D745F /* Info.plist */,
				40B070961DF72ED3002D745F /* main.m */,
			);
			name = "Supporting Files";
			sourceTree = "<group>";
		};
		40B437FC1DF9A777000E94C6 /* Home */ = {
			isa = PBXGroup;
			children = (
				40B0709B1DF72ED3002D745F /* STLRootViewController.h */,
				40B0709C1DF72ED3002D745F /* STLRootViewController.m */,
			);
			name = Home;
			sourceTree = "<group>";
		};
		40B437FD1DF9A77C000E94C6 /* NewConnection */ = {
			isa = PBXGroup;
			children = (
				40A072741E0C792800DE7539 /* STLDeviceDiscoveryViewController.h */,
				40A072751E0C792800DE7539 /* STLDeviceDiscoveryViewController.m */,
				40E26D251DFA05760023F041 /* STLCalibrationViewController.h */,
				40E26D261DFA05760023F041 /* STLCalibrationViewController.mm */,
			);
			name = NewConnection;
			sourceTree = "<group>";
		};
		40BE091D1DFED9C700E5EC36 /* About */ = {
			isa = PBXGroup;
			children = (
				40BE091E1DFED9DF00E5EC36 /* STLAboutViewController.h */,
				40BE091F1DFED9DF00E5EC36 /* STLAboutViewController.m */,
				4030BB931E032740005DA406 /* STLThirdPartyNoticesViewController.h */,
				4030BB941E032740005DA406 /* STLThirdPartyNoticesViewController.m */,
			);
			name = About;
			sourceTree = "<group>";
		};
		40E4C5F31DFA116100AD608B /* Shaders */ = {
			isa = PBXGroup;
			children = (
				40904AFA1DFA351700E92846 /* RedColor.fsh */,
				40DF448B1DFD058200E392CB /* TransparentToWhiteColor.fsh */,
			);
			name = Shaders;
			sourceTree = "<group>";
		};
		40F7A6101DF72FF1000BCFF3 /* Application */ = {
			isa = PBXGroup;
			children = (
				407057551E25723A009699CE /* STLApplication.h */,
				407057561E25723A009699CE /* STLApplication.m */,
				40B070981DF72ED3002D745F /* STLAppDelegate.h */,
				40B070991DF72ED3002D745F /* STLAppDelegate.m */,
			);
			name = Application;
			sourceTree = "<group>";
		};
		40F7A6111DF72FF7000BCFF3 /* UI */ = {
			isa = PBXGroup;
			children = (
				40A42E021DFB1AB000F2F996 /* Views */,
				402A5C0A1DFAD58F0006DFCF /* Cells */,
				40F7A6121DF72FFC000BCFF3 /* ViewControllers */,
			);
			name = UI;
			sourceTree = "<group>";
		};
		40F7A6121DF72FFC000BCFF3 /* ViewControllers */ = {
			isa = PBXGroup;
			children = (
				40B437FC1DF9A777000E94C6 /* Home */,
				40B437FD1DF9A77C000E94C6 /* NewConnection */,
				40A42DFE1DFB156C00F2F996 /* Configuration */,
				40BE091D1DFED9C700E5EC36 /* About */,
			);
			name = ViewControllers;
			sourceTree = "<group>";
		};
		502FEC676900EBE63B325637 /* Frameworks */ = {
			isa = PBXGroup;
			children = (
				0458FD1BAC91985E35FACFF2 /* libPods-StarLight.a */,
			);
			name = Frameworks;
			sourceTree = "<group>";
		};
/* End PBXGroup section */

/* Begin PBXNativeTarget section */
		40B070911DF72ED3002D745F /* StarLight */ = {
			isa = PBXNativeTarget;
			buildConfigurationList = 40B070AC1DF72ED3002D745F /* Build configuration list for PBXNativeTarget "StarLight" */;
			buildPhases = (
				442828D534039653E692545E /* [CP] Check Pods Manifest.lock */,
				40B0708E1DF72ED3002D745F /* Sources */,
				40B0708F1DF72ED3002D745F /* Frameworks */,
				40B070901DF72ED3002D745F /* Resources */,
				BBE8DA0D129CE47E3F81E052 /* [CP] Embed Pods Frameworks */,
				2A4F2287A0CB0B6390BB7378 /* [CP] Copy Pods Resources */,
			);
			buildRules = (
			);
			dependencies = (
			);
			name = StarLight;
			productName = StarLight;
			productReference = 40B070921DF72ED3002D745F /* StarLight.app */;
			productType = "com.apple.product-type.application";
		};
/* End PBXNativeTarget section */

/* Begin PBXProject section */
		40B0708A1DF72ED3002D745F /* Project object */ = {
			isa = PBXProject;
			attributes = {
				CLASSPREFIX = STL;
				LastUpgradeCheck = 0810;
				ORGANIZATIONNAME = "Brian Olencki";
				TargetAttributes = {
					40B070911DF72ED3002D745F = {
						CreatedOnToolsVersion = 8.1;
						DevelopmentTeam = 9UKYMVL752;
						ProvisioningStyle = Automatic;
					};
				};
			};
			buildConfigurationList = 40B0708D1DF72ED3002D745F /* Build configuration list for PBXProject "StarLight" */;
			compatibilityVersion = "Xcode 3.2";
			developmentRegion = English;
			hasScannedForEncodings = 0;
			knownRegions = (
				en,
				Base,
			);
			mainGroup = 40B070891DF72ED3002D745F;
			productRefGroup = 40B070931DF72ED3002D745F /* Products */;
			projectDirPath = "";
			projectRoot = "";
			targets = (
				40B070911DF72ED3002D745F /* StarLight */,
			);
		};
/* End PBXProject section */

/* Begin PBXResourcesBuildPhase section */
		40B070901DF72ED3002D745F /* Resources */ = {
			isa = PBXResourcesBuildPhase;
			buildActionMask = 2147483647;
			files = (
				40B070A81DF72ED3002D745F /* LaunchScreen.storyboard in Resources */,
				40B070A51DF72ED3002D745F /* Assets.xcassets in Resources */,
				40904AFB1DFA351700E92846 /* RedColor.fsh in Resources */,
				40B070A01DF72ED3002D745F /* Main.storyboard in Resources */,
				40DF448C1DFD058200E392CB /* TransparentToWhiteColor.fsh in Resources */,
			);
			runOnlyForDeploymentPostprocessing = 0;
		};
/* End PBXResourcesBuildPhase section */

/* Begin PBXShellScriptBuildPhase section */
		2A4F2287A0CB0B6390BB7378 /* [CP] Copy Pods Resources */ = {
			isa = PBXShellScriptBuildPhase;
			buildActionMask = 2147483647;
			files = (
			);
			inputPaths = (
			);
			name = "[CP] Copy Pods Resources";
			outputPaths = (
			);
			runOnlyForDeploymentPostprocessing = 0;
			shellPath = /bin/sh;
			shellScript = "\"${SRCROOT}/Pods/Target Support Files/Pods-StarLight/Pods-StarLight-resources.sh\"\n";
			showEnvVarsInLog = 0;
		};
		442828D534039653E692545E /* [CP] Check Pods Manifest.lock */ = {
			isa = PBXShellScriptBuildPhase;
			buildActionMask = 2147483647;
			files = (
			);
			inputPaths = (
			);
			name = "[CP] Check Pods Manifest.lock";
			outputPaths = (
			);
			runOnlyForDeploymentPostprocessing = 0;
			shellPath = /bin/sh;
			shellScript = "diff \"${PODS_ROOT}/../Podfile.lock\" \"${PODS_ROOT}/Manifest.lock\" > /dev/null\nif [ $? != 0 ] ; then\n    # print error to STDERR\n    echo \"error: The sandbox is not in sync with the Podfile.lock. Run 'pod install' or update your CocoaPods installation.\" >&2\n    exit 1\nfi\n";
			showEnvVarsInLog = 0;
		};
		BBE8DA0D129CE47E3F81E052 /* [CP] Embed Pods Frameworks */ = {
			isa = PBXShellScriptBuildPhase;
			buildActionMask = 2147483647;
			files = (
			);
			inputPaths = (
			);
			name = "[CP] Embed Pods Frameworks";
			outputPaths = (
			);
			runOnlyForDeploymentPostprocessing = 0;
			shellPath = /bin/sh;
			shellScript = "\"${SRCROOT}/Pods/Target Support Files/Pods-StarLight/Pods-StarLight-frameworks.sh\"\n";
			showEnvVarsInLog = 0;
		};
/* End PBXShellScriptBuildPhase section */

/* Begin PBXSourcesBuildPhase section */
		40B0708E1DF72ED3002D745F /* Sources */ = {
			isa = PBXSourcesBuildPhase;
			buildActionMask = 2147483647;
			files = (
				40BE09201DFED9DF00E5EC36 /* STLAboutViewController.m in Sources */,
				4030BB951E032740005DA406 /* STLThirdPartyNoticesViewController.m in Sources */,
				4053767B1E09E3FD004C8AE2 /* STLDataManager.m in Sources */,
				4053766B1E09DA2A004C8AE2 /* NS2DArray+CGRect.m in Sources */,
				40A0726F1E0C4BCC00DE7539 /* NSString+Hex.m in Sources */,
				40172B001DFAE10500DE7445 /* STLRootTableViewCell.m in Sources */,
				40A42E0B1DFB5C5600F2F996 /* STLAdvancedViewController.m in Sources */,
				40A42E011DFB159400F2F996 /* STLConfigurationViewController.m in Sources */,
				40E26D271DFA05760023F041 /* STLCalibrationViewController.mm in Sources */,
				4051A2771E00A485001C44F9 /* UIAlertController+UIImage.m in Sources */,
				40B0709D1DF72ED3002D745F /* STLRootViewController.m in Sources */,
				40C6DDCC1E170C950093CC56 /* STLLightPattern.m in Sources */,
				407057571E25723A009699CE /* STLApplication.m in Sources */,
				40A0726B1E0C47A100DE7539 /* STLSequenceManager.m in Sources */,
				40B0709A1DF72ED3002D745F /* STLAppDelegate.m in Sources */,
				40A42E081DFB4A4700F2F996 /* STLDownloadCollectionViewCell.m in Sources */,
				40A072731E0C4C9800DE7539 /* STLBluetoothManager.m in Sources */,
				40B070971DF72ED3002D745F /* main.m in Sources */,
				40A42E051DFB1AC200F2F996 /* STLDesignView.m in Sources */,
				40503AD61E004FEC0084005B /* STLMultiDirectionLayout.m in Sources */,
				40FF27D81E09FB7500A1CF0C /* STLHub.m in Sources */,
				40A42DFD1DFB12B300F2F996 /* STLCalibrationCollectionViewCell.m in Sources */,
				40FF27DB1E09FB7B00A1CF0C /* STLLight.m in Sources */,
				40A072761E0C792800DE7539 /* STLDeviceDiscoveryViewController.m in Sources */,
				40A410D01E1228CA0023D885 /* AVCaptureDevice+DevicePresence.m in Sources */,
				40503AD51E004FEC0084005B /* NS2DArray.m in Sources */,
			);
			runOnlyForDeploymentPostprocessing = 0;
		};
/* End PBXSourcesBuildPhase section */

/* Begin PBXVariantGroup section */
		40B0709E1DF72ED3002D745F /* Main.storyboard */ = {
			isa = PBXVariantGroup;
			children = (
				40B0709F1DF72ED3002D745F /* Base */,
			);
			name = Main.storyboard;
			sourceTree = "<group>";
		};
		40B070A61DF72ED3002D745F /* LaunchScreen.storyboard */ = {
			isa = PBXVariantGroup;
			children = (
				40B070A71DF72ED3002D745F /* Base */,
			);
			name = LaunchScreen.storyboard;
			sourceTree = "<group>";
		};
/* End PBXVariantGroup section */

/* Begin XCBuildConfiguration section */
		40B070AA1DF72ED3002D745F /* Debug */ = {
			isa = XCBuildConfiguration;
			buildSettings = {
				ALWAYS_SEARCH_USER_PATHS = NO;
				CLANG_ANALYZER_NONNULL = YES;
				CLANG_CXX_LANGUAGE_STANDARD = "gnu++0x";
				CLANG_CXX_LIBRARY = "libc++";
				CLANG_ENABLE_MODULES = YES;
				CLANG_ENABLE_OBJC_ARC = YES;
				CLANG_WARN_BOOL_CONVERSION = YES;
				CLANG_WARN_CONSTANT_CONVERSION = YES;
				CLANG_WARN_DIRECT_OBJC_ISA_USAGE = YES_ERROR;
				CLANG_WARN_DOCUMENTATION_COMMENTS = YES;
				CLANG_WARN_EMPTY_BODY = YES;
				CLANG_WARN_ENUM_CONVERSION = YES;
				CLANG_WARN_INFINITE_RECURSION = YES;
				CLANG_WARN_INT_CONVERSION = YES;
				CLANG_WARN_OBJC_ROOT_CLASS = YES_ERROR;
				CLANG_WARN_SUSPICIOUS_MOVES = YES;
				CLANG_WARN_UNREACHABLE_CODE = YES;
				CLANG_WARN__DUPLICATE_METHOD_MATCH = YES;
				"CODE_SIGN_IDENTITY[sdk=iphoneos*]" = "iPhone Developer";
				COPY_PHASE_STRIP = NO;
				DEBUG_INFORMATION_FORMAT = dwarf;
				ENABLE_STRICT_OBJC_MSGSEND = YES;
				ENABLE_TESTABILITY = YES;
				GCC_C_LANGUAGE_STANDARD = gnu99;
				GCC_DYNAMIC_NO_PIC = NO;
				GCC_NO_COMMON_BLOCKS = YES;
				GCC_OPTIMIZATION_LEVEL = 0;
				GCC_PREPROCESSOR_DEFINITIONS = (
					"DEBUG=1",
					"$(inherited)",
				);
				GCC_WARN_64_TO_32_BIT_CONVERSION = YES;
				GCC_WARN_ABOUT_RETURN_TYPE = YES_ERROR;
				GCC_WARN_UNDECLARED_SELECTOR = YES;
				GCC_WARN_UNINITIALIZED_AUTOS = YES_AGGRESSIVE;
				GCC_WARN_UNUSED_FUNCTION = YES;
				GCC_WARN_UNUSED_VARIABLE = YES;
				IPHONEOS_DEPLOYMENT_TARGET = 10.1;
				MTL_ENABLE_DEBUG_INFO = YES;
				ONLY_ACTIVE_ARCH = YES;
				SDKROOT = iphoneos;
				TARGETED_DEVICE_FAMILY = "1,2";
			};
			name = Debug;
		};
		40B070AB1DF72ED3002D745F /* Release */ = {
			isa = XCBuildConfiguration;
			buildSettings = {
				ALWAYS_SEARCH_USER_PATHS = NO;
				CLANG_ANALYZER_NONNULL = YES;
				CLANG_CXX_LANGUAGE_STANDARD = "gnu++0x";
				CLANG_CXX_LIBRARY = "libc++";
				CLANG_ENABLE_MODULES = YES;
				CLANG_ENABLE_OBJC_ARC = YES;
				CLANG_WARN_BOOL_CONVERSION = YES;
				CLANG_WARN_CONSTANT_CONVERSION = YES;
				CLANG_WARN_DIRECT_OBJC_ISA_USAGE = YES_ERROR;
				CLANG_WARN_DOCUMENTATION_COMMENTS = YES;
				CLANG_WARN_EMPTY_BODY = YES;
				CLANG_WARN_ENUM_CONVERSION = YES;
				CLANG_WARN_INFINITE_RECURSION = YES;
				CLANG_WARN_INT_CONVERSION = YES;
				CLANG_WARN_OBJC_ROOT_CLASS = YES_ERROR;
				CLANG_WARN_SUSPICIOUS_MOVES = YES;
				CLANG_WARN_UNREACHABLE_CODE = YES;
				CLANG_WARN__DUPLICATE_METHOD_MATCH = YES;
				"CODE_SIGN_IDENTITY[sdk=iphoneos*]" = "iPhone Developer";
				COPY_PHASE_STRIP = NO;
				DEBUG_INFORMATION_FORMAT = "dwarf-with-dsym";
				ENABLE_NS_ASSERTIONS = NO;
				ENABLE_STRICT_OBJC_MSGSEND = YES;
				GCC_C_LANGUAGE_STANDARD = gnu99;
				GCC_NO_COMMON_BLOCKS = YES;
				GCC_WARN_64_TO_32_BIT_CONVERSION = YES;
				GCC_WARN_ABOUT_RETURN_TYPE = YES_ERROR;
				GCC_WARN_UNDECLARED_SELECTOR = YES;
				GCC_WARN_UNINITIALIZED_AUTOS = YES_AGGRESSIVE;
				GCC_WARN_UNUSED_FUNCTION = YES;
				GCC_WARN_UNUSED_VARIABLE = YES;
				IPHONEOS_DEPLOYMENT_TARGET = 10.1;
				MTL_ENABLE_DEBUG_INFO = NO;
				SDKROOT = iphoneos;
				TARGETED_DEVICE_FAMILY = "1,2";
				VALIDATE_PRODUCT = YES;
			};
			name = Release;
		};
		40B070AD1DF72ED3002D745F /* Debug */ = {
			isa = XCBuildConfiguration;
			baseConfigurationReference = 10B156D2F02AAD2493310FEA /* Pods-StarLight.debug.xcconfig */;
			buildSettings = {
				ASSETCATALOG_COMPILER_APPICON_NAME = AppIcon;
				DEVELOPMENT_TEAM = 9UKYMVL752;
				INFOPLIST_FILE = StarLight/Info.plist;
				IPHONEOS_DEPLOYMENT_TARGET = 9.0;
				LD_RUNPATH_SEARCH_PATHS = "$(inherited) @executable_path/Frameworks";
				PRODUCT_BUNDLE_IDENTIFIER = com.bolencki13.StarLight;
				PRODUCT_NAME = "$(TARGET_NAME)";
			};
			name = Debug;
		};
		40B070AE1DF72ED3002D745F /* Release */ = {
			isa = XCBuildConfiguration;
			baseConfigurationReference = 91728CC973F06EBA7C225DAA /* Pods-StarLight.release.xcconfig */;
			buildSettings = {
				ASSETCATALOG_COMPILER_APPICON_NAME = AppIcon;
				DEVELOPMENT_TEAM = 9UKYMVL752;
				INFOPLIST_FILE = StarLight/Info.plist;
				IPHONEOS_DEPLOYMENT_TARGET = 9.0;
				LD_RUNPATH_SEARCH_PATHS = "$(inherited) @executable_path/Frameworks";
				PRODUCT_BUNDLE_IDENTIFIER = com.bolencki13.StarLight;
				PRODUCT_NAME = "$(TARGET_NAME)";
			};
			name = Release;
		};
/* End XCBuildConfiguration section */

/* Begin XCConfigurationList section */
		40B0708D1DF72ED3002D745F /* Build configuration list for PBXProject "StarLight" */ = {
			isa = XCConfigurationList;
			buildConfigurations = (
				40B070AA1DF72ED3002D745F /* Debug */,
				40B070AB1DF72ED3002D745F /* Release */,
			);
			defaultConfigurationIsVisible = 0;
			defaultConfigurationName = Release;
		};
		40B070AC1DF72ED3002D745F /* Build configuration list for PBXNativeTarget "StarLight" */ = {
			isa = XCConfigurationList;
			buildConfigurations = (
				40B070AD1DF72ED3002D745F /* Debug */,
				40B070AE1DF72ED3002D745F /* Release */,
			);
			defaultConfigurationIsVisible = 0;
			defaultConfigurationName = Release;
		};
/* End XCConfigurationList section */
	};
	rootObject = 40B0708A1DF72ED3002D745F /* Project object */;
}
